// !$*UTF8*$!
{
	archiveVersion = 1;
	classes = {
	};
	objectVersion = 50;
	objects = {

/* Begin PBXBuildFile section */
		A781458B2375131F00C0CB87 /* AppDelegate.swift in Sources */ = {isa = PBXBuildFile; fileRef = A781458A2375131F00C0CB87 /* AppDelegate.swift */; };
		A78145912375131F00C0CB87 /* GameScene.swift in Sources */ = {isa = PBXBuildFile; fileRef = A78145902375131F00C0CB87 /* GameScene.swift */; };
		A78145932375131F00C0CB87 /* GameViewController.swift in Sources */ = {isa = PBXBuildFile; fileRef = A78145922375131F00C0CB87 /* GameViewController.swift */; };
		A78145962375131F00C0CB87 /* Main.storyboard in Resources */ = {isa = PBXBuildFile; fileRef = A78145942375131F00C0CB87 /* Main.storyboard */; };
		A78145982375132100C0CB87 /* Assets.xcassets in Resources */ = {isa = PBXBuildFile; fileRef = A78145972375132100C0CB87 /* Assets.xcassets */; };
		A781459B2375132100C0CB87 /* LaunchScreen.storyboard in Resources */ = {isa = PBXBuildFile; fileRef = A78145992375132100C0CB87 /* LaunchScreen.storyboard */; };
		A78145A32375139400C0CB87 /* Pixel+RGBA.swift in Sources */ = {isa = PBXBuildFile; fileRef = A78145A22375139400C0CB87 /* Pixel+RGBA.swift */; };
/* End PBXBuildFile section */

/* Begin PBXFileReference section */
		A78145872375131F00C0CB87 /* Shape.app */ = {isa = PBXFileReference; explicitFileType = wrapper.application; includeInIndex = 0; path = Shape.app; sourceTree = BUILT_PRODUCTS_DIR; };
		A781458A2375131F00C0CB87 /* AppDelegate.swift */ = {isa = PBXFileReference; lastKnownFileType = sourcecode.swift; path = AppDelegate.swift; sourceTree = "<group>"; };
		A78145902375131F00C0CB87 /* GameScene.swift */ = {isa = PBXFileReference; lastKnownFileType = sourcecode.swift; path = GameScene.swift; sourceTree = "<group>"; };
		A78145922375131F00C0CB87 /* GameViewController.swift */ = {isa = PBXFileReference; lastKnownFileType = sourcecode.swift; path = GameViewController.swift; sourceTree = "<group>"; };
		A78145952375131F00C0CB87 /* Base */ = {isa = PBXFileReference; lastKnownFileType = file.storyboard; name = Base; path = Base.lproj/Main.storyboard; sourceTree = "<group>"; };
		A78145972375132100C0CB87 /* Assets.xcassets */ = {isa = PBXFileReference; lastKnownFileType = folder.assetcatalog; path = Assets.xcassets; sourceTree = "<group>"; };
		A781459A2375132100C0CB87 /* Base */ = {isa = PBXFileReference; lastKnownFileType = file.storyboard; name = Base; path = Base.lproj/LaunchScreen.storyboard; sourceTree = "<group>"; };
		A781459C2375132100C0CB87 /* Info.plist */ = {isa = PBXFileReference; lastKnownFileType = text.plist.xml; path = Info.plist; sourceTree = "<group>"; };
		A78145A22375139400C0CB87 /* Pixel+RGBA.swift */ = {isa = PBXFileReference; lastKnownFileType = sourcecode.swift; path = "Pixel+RGBA.swift"; sourceTree = "<group>"; };
/* End PBXFileReference section */

/* Begin PBXFrameworksBuildPhase section */
		A78145842375131F00C0CB87 /* Frameworks */ = {
			isa = PBXFrameworksBuildPhase;
			buildActionMask = 2147483647;
			files = (
			);
			runOnlyForDeploymentPostprocessing = 0;
		};
/* End PBXFrameworksBuildPhase section */

/* Begin PBXGroup section */
		A781457E2375131F00C0CB87 = {
			isa = PBXGroup;
			children = (
				A78145892375131F00C0CB87 /* Shape */,
				A78145882375131F00C0CB87 /* Products */,
			);
			sourceTree = "<group>";
		};
		A78145882375131F00C0CB87 /* Products */ = {
			isa = PBXGroup;
			children = (
				A78145872375131F00C0CB87 /* Shape.app */,
			);
			name = Products;
			sourceTree = "<group>";
		};
		A78145892375131F00C0CB87 /* Shape */ = {
			isa = PBXGroup;
			children = (
				A781458A2375131F00C0CB87 /* AppDelegate.swift */,
				A78145902375131F00C0CB87 /* GameScene.swift */,
				A78145922375131F00C0CB87 /* GameViewController.swift */,
				A78145A22375139400C0CB87 /* Pixel+RGBA.swift */,
				A78145942375131F00C0CB87 /* Main.storyboard */,
				A78145972375132100C0CB87 /* Assets.xcassets */,
				A78145992375132100C0CB87 /* LaunchScreen.storyboard */,
				A781459C2375132100C0CB87 /* Info.plist */,
			);
			path = Shape;
			sourceTree = "<group>";
		};
/* End PBXGroup section */

/* Begin PBXNativeTarget section */
		A78145862375131F00C0CB87 /* Shape */ = {
			isa = PBXNativeTarget;
			buildConfigurationList = A781459F2375132100C0CB87 /* Build configuration list for PBXNativeTarget "Shape" */;
			buildPhases = (
				A78145832375131F00C0CB87 /* Sources */,
				A78145842375131F00C0CB87 /* Frameworks */,
				A78145852375131F00C0CB87 /* Resources */,
			);
			buildRules = (
			);
			dependencies = (
			);
			name = Shape;
			productName = Shape;
			productReference = A78145872375131F00C0CB87 /* Shape.app */;
			productType = "com.apple.product-type.application";
		};
/* End PBXNativeTarget section */

/* Begin PBXProject section */
		A781457F2375131F00C0CB87 /* Project object */ = {
			isa = PBXProject;
			attributes = {
				LastSwiftUpdateCheck = 1120;
				LastUpgradeCheck = 1120;
				ORGANIZATIONNAME = "Pedro Cacique";
				TargetAttributes = {
					A78145862375131F00C0CB87 = {
						CreatedOnToolsVersion = 11.2;
					};
				};
			};
			buildConfigurationList = A78145822375131F00C0CB87 /* Build configuration list for PBXProject "Shape" */;
			compatibilityVersion = "Xcode 9.3";
			developmentRegion = en;
			hasScannedForEncodings = 0;
			knownRegions = (
				en,
				Base,
			);
			mainGroup = A781457E2375131F00C0CB87;
			productRefGroup = A78145882375131F00C0CB87 /* Products */;
			projectDirPath = "";
			projectRoot = "";
			targets = (
				A78145862375131F00C0CB87 /* Shape */,
			);
		};
/* End PBXProject section */

/* Begin PBXResourcesBuildPhase section */
		A78145852375131F00C0CB87 /* Resources */ = {
			isa = PBXResourcesBuildPhase;
			buildActionMask = 2147483647;
			files = (
				A78145962375131F00C0CB87 /* Main.storyboard in Resources */,
				A78145982375132100C0CB87 /* Assets.xcassets in Resources */,
				A781459B2375132100C0CB87 /* LaunchScreen.storyboard in Resources */,
			);
			runOnlyForDeploymentPostprocessing = 0;
		};
/* End PBXResourcesBuildPhase section */

/* Begin PBXSourcesBuildPhase section */
		A78145832375131F00C0CB87 /* Sources */ = {
			isa = PBXSourcesBuildPhase;
			buildActionMask = 2147483647;
			files = (
				A78145A32375139400C0CB87 /* Pixel+RGBA.swift in Sources */,
				A78145912375131F00C0CB87 /* GameScene.swift in Sources */,
				A78145932375131F00C0CB87 /* GameViewController.swift in Sources */,
				A781458B2375131F00C0CB87 /* AppDelegate.swift in Sources */,
			);
			runOnlyForDeploymentPostprocessing = 0;
		};
/* End PBXSourcesBuildPhase section */

/* Begin PBXVariantGroup section */
		A78145942375131F00C0CB87 /* Main.storyboard */ = {
			isa = PBXVariantGroup;
			children = (
				A78145952375131F00C0CB87 /* Base */,
			);
			name = Main.storyboard;
			sourceTree = "<group>";
		};
		A78145992375132100C0CB87 /* LaunchScreen.storyboard */ = {
			isa = PBXVariantGroup;
			children = (
				A781459A2375132100C0CB87 /* Base */,
			);
			name = LaunchScreen.storyboard;
			sourceTree = "<group>";
		};
/* End PBXVariantGroup section */

/* Begin XCBuildConfiguration section */
		A781459D2375132100C0CB87 /* Debug */ = {
			isa = XCBuildConfiguration;
			buildSettings = {
				ALWAYS_SEARCH_USER_PATHS = NO;
				CLANG_ANALYZER_NONNULL = YES;
				CLANG_ANALYZER_NUMBER_OBJECT_CONVERSION = YES_AGGRESSIVE;
				CLANG_CXX_LANGUAGE_STANDARD = "gnu++14";
				CLANG_CXX_LIBRARY = "libc++";
				CLANG_ENABLE_MODULES = YES;
				CLANG_ENABLE_OBJC_ARC = YES;
				CLANG_ENABLE_OBJC_WEAK = YES;
				CLANG_WARN_BLOCK_CAPTURE_AUTORELEASING = YES;
				CLANG_WARN_BOOL_CONVERSION = YES;
				CLANG_WARN_COMMA = YES;
				CLANG_WARN_CONSTANT_CONVERSION = YES;
				CLANG_WARN_DEPRECATED_OBJC_IMPLEMENTATIONS = YES;
				CLANG_WARN_DIRECT_OBJC_ISA_USAGE = YES_ERROR;
				CLANG_WARN_DOCUMENTATION_COMMENTS = YES;
				CLANG_WARN_EMPTY_BODY = YES;
				CLANG_WARN_ENUM_CONVERSION = YES;
				CLANG_WARN_INFINITE_RECURSION = YES;
				CLANG_WARN_INT_CONVERSION = YES;
				CLANG_WARN_NON_LITERAL_NULL_CONVERSION = YES;
				CLANG_WARN_OBJC_IMPLICIT_RETAIN_SELF = YES;
				CLANG_WARN_OBJC_LITERAL_CONVERSION = YES;
				CLANG_WARN_OBJC_ROOT_CLASS = YES_ERROR;
				CLANG_WARN_RANGE_LOOP_ANALYSIS = YES;
				CLANG_WARN_STRICT_PROTOTYPES = YES;
				CLANG_WARN_SUSPICIOUS_MOVE = YES;
				CLANG_WARN_UNGUARDED_AVAILABILITY = YES_AGGRESSIVE;
				CLANG_WARN_UNREACHABLE_CODE = YES;
				CLANG_WARN__DUPLICATE_METHOD_MATCH = YES;
				COPY_PHASE_STRIP = NO;
				DEBUG_INFORMATION_FORMAT = dwarf;
				ENABLE_STRICT_OBJC_MSGSEND = YES;
				ENABLE_TESTABILITY = YES;
				GCC_C_LANGUAGE_STANDARD = gnu11;
				GCC_DYNAMIC_NO_PIC = NO;
				GCC_NO_COMMON_BLOCKS = YES;
				GCC_OPTIMIZATION_LEVEL = 0;
				GCC_PREPROCESSOR_DEFINITIONS = (
					"DEBUG=1",
					"$(inherited)",
				);
				GCC_WARN_64_TO_32_BIT_CONVERSION = YES;
				GCC_WARN_ABOUT_RETURN_TYPE = YES_ERROR;
				GCC_WARN_UNDECLARED_SELECTOR = YES;
				GCC_WARN_UNINITIALIZED_AUTOS = YES_AGGRESSIVE;
				GCC_WARN_UNUSED_FUNCTION = YES;
				GCC_WARN_UNUSED_VARIABLE = YES;
				IPHONEOS_DEPLOYMENT_TARGET = 13.2;
				MTL_ENABLE_DEBUG_INFO = INCLUDE_SOURCE;
				MTL_FAST_MATH = YES;
				ONLY_ACTIVE_ARCH = YES;
				SDKROOT = iphoneos;
				SWIFT_ACTIVE_COMPILATION_CONDITIONS = DEBUG;
				SWIFT_OPTIMIZATION_LEVEL = "-Onone";
			};
			name = Debug;
		};
		A781459E2375132100C0CB87 /* Release */ = {
			isa = XCBuildConfiguration;
			buildSettings = {
				ALWAYS_SEARCH_USER_PATHS = NO;
				CLANG_ANALYZER_NONNULL = YES;
				CLANG_ANALYZER_NUMBER_OBJECT_CONVERSION = YES_AGGRESSIVE;
				CLANG_CXX_LANGUAGE_STANDARD = "gnu++14";
				CLANG_CXX_LIBRARY = "libc++";
				CLANG_ENABLE_MODULES = YES;
				CLANG_ENABLE_OBJC_ARC = YES;
				CLANG_ENABLE_OBJC_WEAK = YES;
				CLANG_WARN_BLOCK_CAPTURE_AUTORELEASING = YES;
				CLANG_WARN_BOOL_CONVERSION = YES;
				CLANG_WARN_COMMA = YES;
				CLANG_WARN_CONSTANT_CONVERSION = YES;
				CLANG_WARN_DEPRECATED_OBJC_IMPLEMENTATIONS = YES;
				CLANG_WARN_DIRECT_OBJC_ISA_USAGE = YES_ERROR;
				CLANG_WARN_DOCUMENTATION_COMMENTS = YES;
				CLANG_WARN_EMPTY_BODY = YES;
				CLANG_WARN_ENUM_CONVERSION = YES;
				CLANG_WARN_INFINITE_RECURSION = YES;
				CLANG_WARN_INT_CONVERSION = YES;
				CLANG_WARN_NON_LITERAL_NULL_CONVERSION = YES;
				CLANG_WARN_OBJC_IMPLICIT_RETAIN_SELF = YES;
				CLANG_WARN_OBJC_LITERAL_CONVERSION = YES;
				CLANG_WARN_OBJC_ROOT_CLASS = YES_ERROR;
				CLANG_WARN_RANGE_LOOP_ANALYSIS = YES;
				CLANG_WARN_STRICT_PROTOTYPES = YES;
				CLANG_WARN_SUSPICIOUS_MOVE = YES;
				CLANG_WARN_UNGUARDED_AVAILABILITY = YES_AGGRESSIVE;
				CLANG_WARN_UNREACHABLE_CODE = YES;
				CLANG_WARN__DUPLICATE_METHOD_MATCH = YES;
				COPY_PHASE_STRIP = NO;
				DEBUG_INFORMATION_FORMAT = "dwarf-with-dsym";
				ENABLE_NS_ASSERTIONS = NO;
				ENABLE_STRICT_OBJC_MSGSEND = YES;
				GCC_C_LANGUAGE_STANDARD = gnu11;
				GCC_NO_COMMON_BLOCKS = YES;
				GCC_WARN_64_TO_32_BIT_CONVERSION = YES;
				GCC_WARN_ABOUT_RETURN_TYPE = YES_ERROR;
				GCC_WARN_UNDECLARED_SELECTOR = YES;
				GCC_WARN_UNINITIALIZED_AUTOS = YES_AGGRESSIVE;
				GCC_WARN_UNUSED_FUNCTION = YES;
				GCC_WARN_UNUSED_VARIABLE = YES;
				IPHONEOS_DEPLOYMENT_TARGET = 13.2;
				MTL_ENABLE_DEBUG_INFO = NO;
				MTL_FAST_MATH = YES;
				SDKROOT = iphoneos;
				SWIFT_COMPILATION_MODE = wholemodule;
				SWIFT_OPTIMIZATION_LEVEL = "-O";
				VALIDATE_PRODUCT = YES;
			};
			name = Release;
		};
		A78145A02375132100C0CB87 /* Debug */ = {
			isa = XCBuildConfiguration;
			buildSettings = {
				ASSETCATALOG_COMPILER_APPICON_NAME = AppIcon;
				CODE_SIGN_STYLE = Automatic;
				DEVELOPMENT_TEAM = PV6ZXMXKDK;
				INFOPLIST_FILE = Shape/Info.plist;
				LD_RUNPATH_SEARCH_PATHS = (
					"$(inherited)",
					"@executable_path/Frameworks",
				);
				PRODUCT_BUNDLE_IDENTIFIER = com.cacique.Shape;
				PRODUCT_NAME = "$(TARGET_NAME)";
				SWIFT_VERSION = 5.0;
				TARGETED_DEVICE_FAMILY = "1,2";
			};
			name = Debug;
		};
		A78145A12375132100C0CB87 /* Release */ = {
			isa = XCBuildConfiguration;
			buildSettings = {
				ASSETCATALOG_COMPILER_APPICON_NAME = AppIcon;
				CODE_SIGN_STYLE = Automatic;
				DEVELOPMENT_TEAM = PV6ZXMXKDK;
				INFOPLIST_FILE = Shape/Info.plist;
				LD_RUNPATH_SEARCH_PATHS = (
					"$(inherited)",
					"@executable_path/Frameworks",
				);
				PRODUCT_BUNDLE_IDENTIFIER = com.cacique.Shape;
				PRODUCT_NAME = "$(TARGET_NAME)";
				SWIFT_VERSION = 5.0;
				TARGETED_DEVICE_FAMILY = "1,2";
			};
			name = Release;
		};
/* End XCBuildConfiguration section */

/* Begin XCConfigurationList section */
		A78145822375131F00C0CB87 /* Build configuration list for PBXProject "Shape" */ = {
			isa = XCConfigurationList;
			buildConfigurations = (
				A781459D2375132100C0CB87 /* Debug */,
				A781459E2375132100C0CB87 /* Release */,
			);
			defaultConfigurationIsVisible = 0;
			defaultConfigurationName = Release;
		};
		A781459F2375132100C0CB87 /* Build configuration list for PBXNativeTarget "Shape" */ = {
			isa = XCConfigurationList;
			buildConfigurations = (
				A78145A02375132100C0CB87 /* Debug */,
				A78145A12375132100C0CB87 /* Release */,
			);
			defaultConfigurationIsVisible = 0;
			defaultConfigurationName = Release;
		};
/* End XCConfigurationList section */
	};
	rootObject = A781457F2375131F00C0CB87 /* Project object */;
}
